
Microsoft Visual Studio Solution File, Format Version 12.00
# Visual Studio Version 17
VisualStudioVersion = 17.6.33712.159
MinimumVisualStudioVersion = 10.0.40219.1
Project("{FAE04EC0-301F-11D3-BF4B-00C04F79EFBC}") = "S-U-D-O-K-U", "S-U-D-O-K-U\S-U-D-O-K-U.csproj", "{08D82408-CB04-4D69-93FC-B4D15D2CCECB}"
EndProject
Global
	GlobalSection(SolutionConfigurationPlatforms) = preSolution
		Debug|Any CPU = Debug|Any CPU
		Release|Any CPU = Release|Any CPU
	EndGlobalSection
	GlobalSection(ProjectConfigurationPlatforms) = postSolution
		{08D82408-CB04-4D69-93FC-B4D15D2CCECB}.Debug|Any CPU.ActiveCfg = Debug|Any CPU
		{08D82408-CB04-4D69-93FC-B4D15D2CCECB}.Debug|Any CPU.Build.0 = Debug|Any CPU
		{08D82408-CB04-4D69-93FC-B4D15D2CCECB}.Release|Any CPU.ActiveCfg = Release|Any CPU
		{08D82408-CB04-4D69-93FC-B4D15D2CCECB}.Release|Any CPU.Build.0 = Release|Any CPU
	EndGlobalSection
	GlobalSection(SolutionProperties) = preSolution
		HideSolutionNode = FALSE
	EndGlobalSection
	GlobalSection(ExtensibilityGlobals) = postSolution
		SolutionGuid = {8B9DD671-B6E0-466B-9389-8AE83CE54A39}
	EndGlobalSection
EndGlobal
